
Microsoft Visual Studio Solution File, Format Version 12.00
# Visual Studio 15
VisualStudioVersion = 15.0.27130.2027
MinimumVisualStudioVersion = 10.0.40219.1
Project("{FAE04EC0-301F-11D3-BF4B-00C04F79EFBC}") = "Comb", "Comb\Comb.csproj", "{B4FFA13F-573C-4637-9B90-9F268AB3F717}"
EndProject
Project("{FAE04EC0-301F-11D3-BF4B-00C04F79EFBC}") = "Snowflake.Net", "Snowflake\Snowflake.Net.csproj", "{A964980D-9DF4-44F2-914E-FDEB000552D6}"
EndProject
Global
	GlobalSection(SolutionConfigurationPlatforms) = preSolution
		Debug|Any CPU = Debug|Any CPU
		Release|Any CPU = Release|Any CPU
	EndGlobalSection
	GlobalSection(ProjectConfigurationPlatforms) = postSolution
		{B4FFA13F-573C-4637-9B90-9F268AB3F717}.Debug|Any CPU.ActiveCfg = Debug|Any CPU
		{B4FFA13F-573C-4637-9B90-9F268AB3F717}.Debug|Any CPU.Build.0 = Debug|Any CPU
		{B4FFA13F-573C-4637-9B90-9F268AB3F717}.Release|Any CPU.ActiveCfg = Release|Any CPU
		{B4FFA13F-573C-4637-9B90-9F268AB3F717}.Release|Any CPU.Build.0 = Release|Any CPU
		{A964980D-9DF4-44F2-914E-FDEB000552D6}.Debug|Any CPU.ActiveCfg = Debug|Any CPU
		{A964980D-9DF4-44F2-914E-FDEB000552D6}.Debug|Any CPU.Build.0 = Debug|Any CPU
		{A964980D-9DF4-44F2-914E-FDEB000552D6}.Release|Any CPU.ActiveCfg = Release|Any CPU
		{A964980D-9DF4-44F2-914E-FDEB000552D6}.Release|Any CPU.Build.0 = Release|Any CPU
	EndGlobalSection
	GlobalSection(SolutionProperties) = preSolution
		HideSolutionNode = FALSE
	EndGlobalSection
	GlobalSection(ExtensibilityGlobals) = postSolution
		SolutionGuid = {53B2158D-E719-4320-A814-61BBC520FB14}
	EndGlobalSection
EndGlobal
